
Microsoft Visual Studio Solution File, Format Version 12.00
# Visual Studio Version 16
VisualStudioVersion = 16.0.29324.140
MinimumVisualStudioVersion = 10.0.40219.1
Project("{FAE04EC0-301F-11D3-BF4B-00C04F79EFBC}") = "WindowsFormsApp1", "WindowsFormsApp1.csproj", "{D3EF5D76-ED29-420E-BB7C-689C9481CADD}"
EndProject
Global
	GlobalSection(SolutionConfigurationPlatforms) = preSolution
		Debug|Any CPU = Debug|Any CPU
		Release|Any CPU = Release|Any CPU
	EndGlobalSection
	GlobalSection(ProjectConfigurationPlatforms) = postSolution
		{D3EF5D76-ED29-420E-BB7C-689C9481CADD}.Debug|Any CPU.ActiveCfg = Debug|Any CPU
		{D3EF5D76-ED29-420E-BB7C-689C9481CADD}.Debug|Any CPU.Build.0 = Debug|Any CPU
		{D3EF5D76-ED29-420E-BB7C-689C9481CADD}.Release|Any CPU.ActiveCfg = Release|Any CPU
		{D3EF5D76-ED29-420E-BB7C-689C9481CADD}.Release|Any CPU.Build.0 = Release|Any CPU
	EndGlobalSection
	GlobalSection(SolutionProperties) = preSolution
		HideSolutionNode = FALSE
	EndGlobalSection
	GlobalSection(ExtensibilityGlobals) = postSolution
		SolutionGuid = {67654FF1-2B2A-4BFF-ABB0-90A535105013}
	EndGlobalSection
EndGlobal
